{
  "name": "MT Framework",
  "version": "1.0.0",
  "description": "Movable Type Framework - A robust blogging platform",
  "private": true,
  "type": "module",
  "scripts": {
    "dev": "node server.js",
    "build": "npm run lint && npm run test",
    "start": "node server.js",
    "lint": "eslint .",
    "lint-fix": "eslint . --fix",
    "test": "jest --coverage",
    "test-watch": "jest --watch"
  },
  "keywords": [
    "blog",
    "cms",
    "content-management",
    "publishing"
  ],
  "author": "MT Team",
  "license": "MIT"
}
